// !$*UTF8*$!
{
	archiveVersion = 1;
	classes = {
	};
	objectVersion = 56;
	objects = {

/* Begin PBXBuildFile section */
		2A975CD42D637B40007A7B1E /* FirebaseAnalytics in Frameworks */ = {isa = PBXBuildFile; productRef = 2A975CD32D637B40007A7B1E /* FirebaseAnalytics */; };
		2A975CD62D637B40007A7B1E /* FirebaseAnalyticsOnDeviceConversion in Frameworks */ = {isa = PBXBuildFile; productRef = 2A975CD52D637B40007A7B1E /* FirebaseAnalyticsOnDeviceConversion */; };
		2A975CD82D637B40007A7B1E /* FirebaseAnalyticsWithoutAdIdSupport in Frameworks */ = {isa = PBXBuildFile; productRef = 2A975CD72D637B40007A7B1E /* FirebaseAnalyticsWithoutAdIdSupport */; };
		2A975CDA2D637B40007A7B1E /* FirebaseAppCheck in Frameworks */ = {isa = PBXBuildFile; productRef = 2A975CD92D637B40007A7B1E /* FirebaseAppCheck */; };
		2A975CDC2D637B40007A7B1E /* FirebaseAppDistribution-Beta in Frameworks */ = {isa = PBXBuildFile; productRef = 2A975CDB2D637B40007A7B1E /* FirebaseAppDistribution-Beta */; };
		2A975CDE2D637B40007A7B1E /* FirebaseAuth in Frameworks */ = {isa = PBXBuildFile; productRef = 2A975CDD2D637B40007A7B1E /* FirebaseAuth */; };
		2A975CE02D637B40007A7B1E /* FirebaseAuthCombine-Community in Frameworks */ = {isa = PBXBuildFile; productRef = 2A975CDF2D637B40007A7B1E /* FirebaseAuthCombine-Community */; };
		2A975CE22D637B40007A7B1E /* FirebaseCore in Frameworks */ = {isa = PBXBuildFile; productRef = 2A975CE12D637B40007A7B1E /* FirebaseCore */; };
		2A975CE42D637B40007A7B1E /* FirebaseCrashlytics in Frameworks */ = {isa = PBXBuildFile; productRef = 2A975CE32D637B40007A7B1E /* FirebaseCrashlytics */; };
		2A975CE62D637B40007A7B1E /* FirebaseDatabase in Frameworks */ = {isa = PBXBuildFile; productRef = 2A975CE52D637B40007A7B1E /* FirebaseDatabase */; };
		2A975CE82D637B40007A7B1E /* FirebaseDynamicLinks in Frameworks */ = {isa = PBXBuildFile; productRef = 2A975CE72D637B40007A7B1E /* FirebaseDynamicLinks */; };
		2A975CEA2D637B40007A7B1E /* FirebaseFirestore in Frameworks */ = {isa = PBXBuildFile; productRef = 2A975CE92D637B40007A7B1E /* FirebaseFirestore */; };
		2A975CEC2D637B40007A7B1E /* FirebaseFirestoreCombine-Community in Frameworks */ = {isa = PBXBuildFile; productRef = 2A975CEB2D637B40007A7B1E /* FirebaseFirestoreCombine-Community */; };
		2A975CEE2D637B40007A7B1E /* FirebaseFunctions in Frameworks */ = {isa = PBXBuildFile; productRef = 2A975CED2D637B40007A7B1E /* FirebaseFunctions */; };
		2A975CF02D637B40007A7B1E /* FirebaseFunctionsCombine-Community in Frameworks */ = {isa = PBXBuildFile; productRef = 2A975CEF2D637B40007A7B1E /* FirebaseFunctionsCombine-Community */; };
		2A975CF22D637B40007A7B1E /* FirebaseInAppMessaging-Beta in Frameworks */ = {isa = PBXBuildFile; productRef = 2A975CF12D637B40007A7B1E /* FirebaseInAppMessaging-Beta */; };
		2A975CF42D637B40007A7B1E /* FirebaseInstallations in Frameworks */ = {isa = PBXBuildFile; productRef = 2A975CF32D637B40007A7B1E /* FirebaseInstallations */; };
		2A975CF62D637B40007A7B1E /* FirebaseMLModelDownloader in Frameworks */ = {isa = PBXBuildFile; productRef = 2A975CF52D637B40007A7B1E /* FirebaseMLModelDownloader */; };
		2A975CF82D637B40007A7B1E /* FirebaseMessaging in Frameworks */ = {isa = PBXBuildFile; productRef = 2A975CF72D637B40007A7B1E /* FirebaseMessaging */; };
		2A975CFA2D637B40007A7B1E /* FirebasePerformance in Frameworks */ = {isa = PBXBuildFile; productRef = 2A975CF92D637B40007A7B1E /* FirebasePerformance */; };
		2A975CFC2D637B40007A7B1E /* FirebaseRemoteConfig in Frameworks */ = {isa = PBXBuildFile; productRef = 2A975CFB2D637B40007A7B1E /* FirebaseRemoteConfig */; };
		2A975CFE2D637B40007A7B1E /* FirebaseStorage in Frameworks */ = {isa = PBXBuildFile; productRef = 2A975CFD2D637B40007A7B1E /* FirebaseStorage */; };
		2A975D002D637B40007A7B1E /* FirebaseStorageCombine-Community in Frameworks */ = {isa = PBXBuildFile; productRef = 2A975CFF2D637B40007A7B1E /* FirebaseStorageCombine-Community */; };
		2A975D022D637B40007A7B1E /* FirebaseVertexAI in Frameworks */ = {isa = PBXBuildFile; productRef = 2A975D012D637B40007A7B1E /* FirebaseVertexAI */; };
		F035F86F2D65130C00B6C7B3 /* MainMenuScreen.swift in Sources */ = {isa = PBXBuildFile; fileRef = F035F86E2D65130C00B6C7B3 /* MainMenuScreen.swift */; };
		F035F8722D65135800B6C7B3 /* MainUnregisteredScreen.swift in Sources */ = {isa = PBXBuildFile; fileRef = F035F8712D65135800B6C7B3 /* MainUnregisteredScreen.swift */; };
		F035F8742D65136900B6C7B3 /* PixelPictureScreen.swift in Sources */ = {isa = PBXBuildFile; fileRef = F035F8732D65136900B6C7B3 /* PixelPictureScreen.swift */; };
		F035F8792D65140F00B6C7B3 /* LoginView.swift in Sources */ = {isa = PBXBuildFile; fileRef = F035F8782D65140F00B6C7B3 /* LoginView.swift */; };
		F035F87B2D65141900B6C7B3 /* SignUpView.swift in Sources */ = {isa = PBXBuildFile; fileRef = F035F87A2D65141900B6C7B3 /* SignUpView.swift */; };
		F035F87E2D65147F00B6C7B3 /* PaletteView.swift in Sources */ = {isa = PBXBuildFile; fileRef = F035F87D2D65147F00B6C7B3 /* PaletteView.swift */; };
		F035F8802D65149B00B6C7B3 /* PixelDrawingView.swift in Sources */ = {isa = PBXBuildFile; fileRef = F035F87F2D65149B00B6C7B3 /* PixelDrawingView.swift */; };
		F035F8822D6514A800B6C7B3 /* PixelView.swift in Sources */ = {isa = PBXBuildFile; fileRef = F035F8812D6514A800B6C7B3 /* PixelView.swift */; };
		F035F8842D6514B500B6C7B3 /* ZoomPanView.swift in Sources */ = {isa = PBXBuildFile; fileRef = F035F8832D6514B500B6C7B3 /* ZoomPanView.swift */; };
		F035F8862D65151E00B6C7B3 /* LoggedUserViewModel.swift in Sources */ = {isa = PBXBuildFile; fileRef = F035F8852D65151E00B6C7B3 /* LoggedUserViewModel.swift */; };
		F035F8892D6516FD00B6C7B3 /* Preview Assets.xcassets in Resources */ = {isa = PBXBuildFile; fileRef = F035F8882D6516FD00B6C7B3 /* Preview Assets.xcassets */; };
		F035F88B2D65170A00B6C7B3 /* Assets.xcassets in Resources */ = {isa = PBXBuildFile; fileRef = F035F88A2D65170A00B6C7B3 /* Assets.xcassets */; };
		F035F88D2D651B1300B6C7B3 /* PaletteSingleColorView.swift in Sources */ = {isa = PBXBuildFile; fileRef = F035F88C2D651B1300B6C7B3 /* PaletteSingleColorView.swift */; };
		F04278532D6509EE00AF9C7A /* FirebaseAnalytics in Frameworks */ = {isa = PBXBuildFile; productRef = F04278522D6509EE00AF9C7A /* FirebaseAnalytics */; };
		F04278552D6509EE00AF9C7A /* FirebaseAnalyticsOnDeviceConversion in Frameworks */ = {isa = PBXBuildFile; productRef = F04278542D6509EE00AF9C7A /* FirebaseAnalyticsOnDeviceConversion */; };
		F04278572D6509EE00AF9C7A /* FirebaseAnalyticsWithoutAdIdSupport in Frameworks */ = {isa = PBXBuildFile; productRef = F04278562D6509EE00AF9C7A /* FirebaseAnalyticsWithoutAdIdSupport */; };
		F04278592D6509EE00AF9C7A /* FirebaseAppCheck in Frameworks */ = {isa = PBXBuildFile; productRef = F04278582D6509EE00AF9C7A /* FirebaseAppCheck */; };
		F042785B2D6509EE00AF9C7A /* FirebaseAppDistribution-Beta in Frameworks */ = {isa = PBXBuildFile; productRef = F042785A2D6509EE00AF9C7A /* FirebaseAppDistribution-Beta */; };
		F042785D2D6509EE00AF9C7A /* FirebaseAuth in Frameworks */ = {isa = PBXBuildFile; productRef = F042785C2D6509EE00AF9C7A /* FirebaseAuth */; };
		F042785F2D6509EE00AF9C7A /* FirebaseAuthCombine-Community in Frameworks */ = {isa = PBXBuildFile; productRef = F042785E2D6509EE00AF9C7A /* FirebaseAuthCombine-Community */; };
		F04278612D6509EE00AF9C7A /* FirebaseCore in Frameworks */ = {isa = PBXBuildFile; productRef = F04278602D6509EE00AF9C7A /* FirebaseCore */; };
		F04278632D6509EE00AF9C7A /* FirebaseCrashlytics in Frameworks */ = {isa = PBXBuildFile; productRef = F04278622D6509EE00AF9C7A /* FirebaseCrashlytics */; };
		F04278652D6509EE00AF9C7A /* FirebaseDatabase in Frameworks */ = {isa = PBXBuildFile; productRef = F04278642D6509EE00AF9C7A /* FirebaseDatabase */; };
		F04278672D6509EE00AF9C7A /* FirebaseDynamicLinks in Frameworks */ = {isa = PBXBuildFile; productRef = F04278662D6509EE00AF9C7A /* FirebaseDynamicLinks */; };
		F04278692D6509EE00AF9C7A /* FirebaseFirestore in Frameworks */ = {isa = PBXBuildFile; productRef = F04278682D6509EE00AF9C7A /* FirebaseFirestore */; };
		F042786B2D6509EE00AF9C7A /* FirebaseFirestoreCombine-Community in Frameworks */ = {isa = PBXBuildFile; productRef = F042786A2D6509EE00AF9C7A /* FirebaseFirestoreCombine-Community */; };
		F042786D2D6509EE00AF9C7A /* FirebaseFunctions in Frameworks */ = {isa = PBXBuildFile; productRef = F042786C2D6509EE00AF9C7A /* FirebaseFunctions */; };
		F042786F2D6509EE00AF9C7A /* FirebaseFunctionsCombine-Community in Frameworks */ = {isa = PBXBuildFile; productRef = F042786E2D6509EE00AF9C7A /* FirebaseFunctionsCombine-Community */; };
		F04278712D6509EE00AF9C7A /* FirebaseInAppMessaging-Beta in Frameworks */ = {isa = PBXBuildFile; productRef = F04278702D6509EE00AF9C7A /* FirebaseInAppMessaging-Beta */; };
		F04278732D6509EE00AF9C7A /* FirebaseInstallations in Frameworks */ = {isa = PBXBuildFile; productRef = F04278722D6509EE00AF9C7A /* FirebaseInstallations */; };
		F04278752D6509EE00AF9C7A /* FirebaseMLModelDownloader in Frameworks */ = {isa = PBXBuildFile; productRef = F04278742D6509EE00AF9C7A /* FirebaseMLModelDownloader */; };
		F04278772D6509EE00AF9C7A /* FirebaseMessaging in Frameworks */ = {isa = PBXBuildFile; productRef = F04278762D6509EE00AF9C7A /* FirebaseMessaging */; };
		F04278792D6509EE00AF9C7A /* FirebasePerformance in Frameworks */ = {isa = PBXBuildFile; productRef = F04278782D6509EE00AF9C7A /* FirebasePerformance */; };
		F042787B2D6509EE00AF9C7A /* FirebaseRemoteConfig in Frameworks */ = {isa = PBXBuildFile; productRef = F042787A2D6509EE00AF9C7A /* FirebaseRemoteConfig */; };
		F042787D2D6509EE00AF9C7A /* FirebaseStorage in Frameworks */ = {isa = PBXBuildFile; productRef = F042787C2D6509EE00AF9C7A /* FirebaseStorage */; };
		F04278842D650A9D00AF9C7A /* GoogleService-Info.plist in Resources */ = {isa = PBXBuildFile; fileRef = F04278802D650A9D00AF9C7A /* GoogleService-Info.plist */; };
		F04278852D650A9D00AF9C7A /* PixelArtApp.swift in Sources */ = {isa = PBXBuildFile; fileRef = F04278812D650A9D00AF9C7A /* PixelArtApp.swift */; };
		F04278862D650A9D00AF9C7A /* ContentView.swift in Sources */ = {isa = PBXBuildFile; fileRef = F04278822D650A9D00AF9C7A /* ContentView.swift */; };
		F0A414CA2D66BB7900E8278B /* FreeDrawConfirmationScreen.swift in Sources */ = {isa = PBXBuildFile; fileRef = F0A414C92D66BB7900E8278B /* FreeDrawConfirmationScreen.swift */; };
		F0D066472D6673CD000CE843 /* PalleteColor.swift in Sources */ = {isa = PBXBuildFile; fileRef = F0D066462D6673CD000CE843 /* PalleteColor.swift */; };
		F0D066492D6673D5000CE843 /* PixelPictureData.swift in Sources */ = {isa = PBXBuildFile; fileRef = F0D066482D6673D5000CE843 /* PixelPictureData.swift */; };
		F0D0664C2D66744B000CE843 /* UIColorExtension.swift in Sources */ = {isa = PBXBuildFile; fileRef = F0D0664B2D66744B000CE843 /* UIColorExtension.swift */; };
		F0D0664F2D66827F000CE843 /* FreeDrawScreen.swift in Sources */ = {isa = PBXBuildFile; fileRef = F0D0664E2D66827F000CE843 /* FreeDrawScreen.swift */; };
		F0D066522D66A6F9000CE843 /* FreeDrawingView.swift in Sources */ = {isa = PBXBuildFile; fileRef = F0D066512D66A6F9000CE843 /* FreeDrawingView.swift */; };
		F0D066542D66A70F000CE843 /* FreeDrawingPixelView.swift in Sources */ = {isa = PBXBuildFile; fileRef = F0D066532D66A70F000CE843 /* FreeDrawingPixelView.swift */; };
		F0D430532D652D24004A9ED9 /* User.swift in Sources */ = {isa = PBXBuildFile; fileRef = F0D430522D652D24004A9ED9 /* User.swift */; };
/* End PBXBuildFile section */

/* Begin PBXFileReference section */
		2A1DB9DC2D62611300095980 /* PixelArt.app */ = {isa = PBXFileReference; explicitFileType = wrapper.application; includeInIndex = 0; path = PixelArt.app; sourceTree = BUILT_PRODUCTS_DIR; };
		2A975D182D63E402007A7B1E /* .gitignore */ = {isa = PBXFileReference; lastKnownFileType = text; path = .gitignore; sourceTree = "<group>"; };
		F035F86E2D65130C00B6C7B3 /* MainMenuScreen.swift */ = {isa = PBXFileReference; lastKnownFileType = sourcecode.swift; path = MainMenuScreen.swift; sourceTree = "<group>"; };
		F035F8712D65135800B6C7B3 /* MainUnregisteredScreen.swift */ = {isa = PBXFileReference; lastKnownFileType = sourcecode.swift; path = MainUnregisteredScreen.swift; sourceTree = "<group>"; };
		F035F8732D65136900B6C7B3 /* PixelPictureScreen.swift */ = {isa = PBXFileReference; lastKnownFileType = sourcecode.swift; path = PixelPictureScreen.swift; sourceTree = "<group>"; };
		F035F8782D65140F00B6C7B3 /* LoginView.swift */ = {isa = PBXFileReference; lastKnownFileType = sourcecode.swift; path = LoginView.swift; sourceTree = "<group>"; };
		F035F87A2D65141900B6C7B3 /* SignUpView.swift */ = {isa = PBXFileReference; lastKnownFileType = sourcecode.swift; path = SignUpView.swift; sourceTree = "<group>"; };
		F035F87D2D65147F00B6C7B3 /* PaletteView.swift */ = {isa = PBXFileReference; lastKnownFileType = sourcecode.swift; path = PaletteView.swift; sourceTree = "<group>"; };
		F035F87F2D65149B00B6C7B3 /* PixelDrawingView.swift */ = {isa = PBXFileReference; lastKnownFileType = sourcecode.swift; path = PixelDrawingView.swift; sourceTree = "<group>"; };
		F035F8812D6514A800B6C7B3 /* PixelView.swift */ = {isa = PBXFileReference; lastKnownFileType = sourcecode.swift; path = PixelView.swift; sourceTree = "<group>"; };
		F035F8832D6514B500B6C7B3 /* ZoomPanView.swift */ = {isa = PBXFileReference; lastKnownFileType = sourcecode.swift; path = ZoomPanView.swift; sourceTree = "<group>"; };
		F035F8852D65151E00B6C7B3 /* LoggedUserViewModel.swift */ = {isa = PBXFileReference; lastKnownFileType = sourcecode.swift; path = LoggedUserViewModel.swift; sourceTree = "<group>"; };
		F035F8882D6516FD00B6C7B3 /* Preview Assets.xcassets */ = {isa = PBXFileReference; lastKnownFileType = folder.assetcatalog; path = "Preview Assets.xcassets"; sourceTree = "<group>"; };
		F035F88A2D65170A00B6C7B3 /* Assets.xcassets */ = {isa = PBXFileReference; lastKnownFileType = folder.assetcatalog; path = Assets.xcassets; sourceTree = "<group>"; };
		F035F88C2D651B1300B6C7B3 /* PaletteSingleColorView.swift */ = {isa = PBXFileReference; lastKnownFileType = sourcecode.swift; path = PaletteSingleColorView.swift; sourceTree = "<group>"; };
		F04278802D650A9D00AF9C7A /* GoogleService-Info.plist */ = {isa = PBXFileReference; fileEncoding = 4; lastKnownFileType = text.plist.xml; path = "GoogleService-Info.plist"; sourceTree = "<group>"; };
		F04278812D650A9D00AF9C7A /* PixelArtApp.swift */ = {isa = PBXFileReference; fileEncoding = 4; lastKnownFileType = sourcecode.swift; path = PixelArtApp.swift; sourceTree = "<group>"; };
		F04278822D650A9D00AF9C7A /* ContentView.swift */ = {isa = PBXFileReference; fileEncoding = 4; lastKnownFileType = sourcecode.swift; path = ContentView.swift; sourceTree = "<group>"; };
		F0A414C92D66BB7900E8278B /* FreeDrawConfirmationScreen.swift */ = {isa = PBXFileReference; lastKnownFileType = sourcecode.swift; path = FreeDrawConfirmationScreen.swift; sourceTree = "<group>"; };
		F0D066462D6673CD000CE843 /* PalleteColor.swift */ = {isa = PBXFileReference; fileEncoding = 4; lastKnownFileType = sourcecode.swift; path = PalleteColor.swift; sourceTree = "<group>"; };
		F0D066482D6673D5000CE843 /* PixelPictureData.swift */ = {isa = PBXFileReference; fileEncoding = 4; lastKnownFileType = sourcecode.swift; path = PixelPictureData.swift; sourceTree = "<group>"; };
		F0D0664B2D66744B000CE843 /* UIColorExtension.swift */ = {isa = PBXFileReference; fileEncoding = 4; lastKnownFileType = sourcecode.swift; path = UIColorExtension.swift; sourceTree = "<group>"; };
		F0D0664E2D66827F000CE843 /* FreeDrawScreen.swift */ = {isa = PBXFileReference; lastKnownFileType = sourcecode.swift; path = FreeDrawScreen.swift; sourceTree = "<group>"; };
		F0D066512D66A6F9000CE843 /* FreeDrawingView.swift */ = {isa = PBXFileReference; lastKnownFileType = sourcecode.swift; path = FreeDrawingView.swift; sourceTree = "<group>"; };
		F0D066532D66A70F000CE843 /* FreeDrawingPixelView.swift */ = {isa = PBXFileReference; lastKnownFileType = sourcecode.swift; path = FreeDrawingPixelView.swift; sourceTree = "<group>"; };
		F0D430522D652D24004A9ED9 /* User.swift */ = {isa = PBXFileReference; fileEncoding = 4; lastKnownFileType = sourcecode.swift; path = User.swift; sourceTree = "<group>"; };
/* End PBXFileReference section */

/* Begin PBXFrameworksBuildPhase section */
		2A1DB9D92D62611300095980 /* Frameworks */ = {
			isa = PBXFrameworksBuildPhase;
			buildActionMask = 2147483647;
			files = (
				F042785B2D6509EE00AF9C7A /* FirebaseAppDistribution-Beta in Frameworks */,
				F042785D2D6509EE00AF9C7A /* FirebaseAuth in Frameworks */,
				2A975CEC2D637B40007A7B1E /* FirebaseFirestoreCombine-Community in Frameworks */,
				2A975D022D637B40007A7B1E /* FirebaseVertexAI in Frameworks */,
				2A975CEE2D637B40007A7B1E /* FirebaseFunctions in Frameworks */,
				F04278692D6509EE00AF9C7A /* FirebaseFirestore in Frameworks */,
				F04278552D6509EE00AF9C7A /* FirebaseAnalyticsOnDeviceConversion in Frameworks */,
				F04278592D6509EE00AF9C7A /* FirebaseAppCheck in Frameworks */,
				F042786F2D6509EE00AF9C7A /* FirebaseFunctionsCombine-Community in Frameworks */,
				F042787B2D6509EE00AF9C7A /* FirebaseRemoteConfig in Frameworks */,
				2A975CFA2D637B40007A7B1E /* FirebasePerformance in Frameworks */,
				F042787D2D6509EE00AF9C7A /* FirebaseStorage in Frameworks */,
				2A975D002D637B40007A7B1E /* FirebaseStorageCombine-Community in Frameworks */,
				2A975CFC2D637B40007A7B1E /* FirebaseRemoteConfig in Frameworks */,
				F04278732D6509EE00AF9C7A /* FirebaseInstallations in Frameworks */,
				F04278572D6509EE00AF9C7A /* FirebaseAnalyticsWithoutAdIdSupport in Frameworks */,
				2A975CE62D637B40007A7B1E /* FirebaseDatabase in Frameworks */,
				2A975CE82D637B40007A7B1E /* FirebaseDynamicLinks in Frameworks */,
				2A975CDA2D637B40007A7B1E /* FirebaseAppCheck in Frameworks */,
				2A975CDE2D637B40007A7B1E /* FirebaseAuth in Frameworks */,
				2A975CD42D637B40007A7B1E /* FirebaseAnalytics in Frameworks */,
				2A975CEA2D637B40007A7B1E /* FirebaseFirestore in Frameworks */,
				F04278712D6509EE00AF9C7A /* FirebaseInAppMessaging-Beta in Frameworks */,
				2A975CF82D637B40007A7B1E /* FirebaseMessaging in Frameworks */,
				F04278792D6509EE00AF9C7A /* FirebasePerformance in Frameworks */,
				2A975CF42D637B40007A7B1E /* FirebaseInstallations in Frameworks */,
				F04278672D6509EE00AF9C7A /* FirebaseDynamicLinks in Frameworks */,
				2A975CF02D637B40007A7B1E /* FirebaseFunctionsCombine-Community in Frameworks */,
				2A975CDC2D637B40007A7B1E /* FirebaseAppDistribution-Beta in Frameworks */,
				F042785F2D6509EE00AF9C7A /* FirebaseAuthCombine-Community in Frameworks */,
				F04278752D6509EE00AF9C7A /* FirebaseMLModelDownloader in Frameworks */,
				F04278612D6509EE00AF9C7A /* FirebaseCore in Frameworks */,
				2A975CD82D637B40007A7B1E /* FirebaseAnalyticsWithoutAdIdSupport in Frameworks */,
				F04278652D6509EE00AF9C7A /* FirebaseDatabase in Frameworks */,
				2A975CF22D637B40007A7B1E /* FirebaseInAppMessaging-Beta in Frameworks */,
				2A975CE02D637B40007A7B1E /* FirebaseAuthCombine-Community in Frameworks */,
				F042786D2D6509EE00AF9C7A /* FirebaseFunctions in Frameworks */,
				2A975CE42D637B40007A7B1E /* FirebaseCrashlytics in Frameworks */,
				F04278632D6509EE00AF9C7A /* FirebaseCrashlytics in Frameworks */,
				F042786B2D6509EE00AF9C7A /* FirebaseFirestoreCombine-Community in Frameworks */,
				2A975CF62D637B40007A7B1E /* FirebaseMLModelDownloader in Frameworks */,
				2A975CFE2D637B40007A7B1E /* FirebaseStorage in Frameworks */,
				2A975CE22D637B40007A7B1E /* FirebaseCore in Frameworks */,
				F04278532D6509EE00AF9C7A /* FirebaseAnalytics in Frameworks */,
				2A975CD62D637B40007A7B1E /* FirebaseAnalyticsOnDeviceConversion in Frameworks */,
				F04278772D6509EE00AF9C7A /* FirebaseMessaging in Frameworks */,
			);
			runOnlyForDeploymentPostprocessing = 0;
		};
/* End PBXFrameworksBuildPhase section */

/* Begin PBXGroup section */
		2A1DB9D32D62611300095980 = {
			isa = PBXGroup;
			children = (
				F042787E2D650A5700AF9C7A /* PixelArt */,
				2A975D182D63E402007A7B1E /* .gitignore */,
				2A1DB9DD2D62611300095980 /* Products */,
			);
			sourceTree = "<group>";
		};
		2A1DB9DD2D62611300095980 /* Products */ = {
			isa = PBXGroup;
			children = (
				2A1DB9DC2D62611300095980 /* PixelArt.app */,
			);
			name = Products;
			sourceTree = "<group>";
		};
		F035F86A2D65129200B6C7B3 /* Screens */ = {
			isa = PBXGroup;
			children = (
				F0A414C82D66BB5800E8278B /* FreeDrawConfirmationScreen */,
				F0D0664D2D668239000CE843 /* FreeDrawScreen */,
				F035F8702D65132E00B6C7B3 /* PixelPictureScreen */,
				F035F86D2D6512E800B6C7B3 /* MainMenuScreen */,
			);
			path = Screens;
			sourceTree = "<group>";
		};
		F035F86B2D6512A500B6C7B3 /* ViewModels */ = {
			isa = PBXGroup;
			children = (
				F035F8852D65151E00B6C7B3 /* LoggedUserViewModel.swift */,
			);
			path = ViewModels;
			sourceTree = "<group>";
		};
		F035F86C2D6512AD00B6C7B3 /* Views */ = {
			isa = PBXGroup;
			children = (
				F0D066502D66A401000CE843 /* FreeDrawingView */,
				F035F8752D6513AE00B6C7B3 /* AuthenticationViews */,
				F035F8772D6513B800B6C7B3 /* ColorPickerView */,
				F035F8762D6513B500B6C7B3 /* PixelDrawingView */,
			);
			path = Views;
			sourceTree = "<group>";
		};
		F035F86D2D6512E800B6C7B3 /* MainMenuScreen */ = {
			isa = PBXGroup;
			children = (
				F035F86E2D65130C00B6C7B3 /* MainMenuScreen.swift */,
				F035F8712D65135800B6C7B3 /* MainUnregisteredScreen.swift */,
			);
			path = MainMenuScreen;
			sourceTree = "<group>";
		};
		F035F8702D65132E00B6C7B3 /* PixelPictureScreen */ = {
			isa = PBXGroup;
			children = (
				F035F8732D65136900B6C7B3 /* PixelPictureScreen.swift */,
			);
			path = PixelPictureScreen;
			sourceTree = "<group>";
		};
		F035F8752D6513AE00B6C7B3 /* AuthenticationViews */ = {
			isa = PBXGroup;
			children = (
				F035F8782D65140F00B6C7B3 /* LoginView.swift */,
				F035F87A2D65141900B6C7B3 /* SignUpView.swift */,
			);
			path = AuthenticationViews;
			sourceTree = "<group>";
		};
		F035F8762D6513B500B6C7B3 /* PixelDrawingView */ = {
			isa = PBXGroup;
			children = (
				F035F87F2D65149B00B6C7B3 /* PixelDrawingView.swift */,
				F035F8812D6514A800B6C7B3 /* PixelView.swift */,
				F035F8832D6514B500B6C7B3 /* ZoomPanView.swift */,
			);
			path = PixelDrawingView;
			sourceTree = "<group>";
		};
		F035F8772D6513B800B6C7B3 /* ColorPickerView */ = {
			isa = PBXGroup;
			children = (
				F035F87D2D65147F00B6C7B3 /* PaletteView.swift */,
				F035F88C2D651B1300B6C7B3 /* PaletteSingleColorView.swift */,
			);
			path = ColorPickerView;
			sourceTree = "<group>";
		};
		F035F8872D6516FD00B6C7B3 /* Preview Content */ = {
			isa = PBXGroup;
			children = (
				F035F8882D6516FD00B6C7B3 /* Preview Assets.xcassets */,
			);
			path = "Preview Content";
			sourceTree = "<group>";
		};
		F042787E2D650A5700AF9C7A /* PixelArt */ = {
			isa = PBXGroup;
			children = (
				F035F88A2D65170A00B6C7B3 /* Assets.xcassets */,
				F04278802D650A9D00AF9C7A /* GoogleService-Info.plist */,
				F04278822D650A9D00AF9C7A /* ContentView.swift */,
				F04278812D650A9D00AF9C7A /* PixelArtApp.swift */,
				F0D0664A2D66744B000CE843 /* Extensions */,
				F0D430512D652D24004A9ED9 /* Models */,
				F035F86B2D6512A500B6C7B3 /* ViewModels */,
				F035F86A2D65129200B6C7B3 /* Screens */,
				F035F86C2D6512AD00B6C7B3 /* Views */,
				F035F8872D6516FD00B6C7B3 /* Preview Content */,
			);
			path = PixelArt;
			sourceTree = "<group>";
		};
		F0A414C82D66BB5800E8278B /* FreeDrawConfirmationScreen */ = {
			isa = PBXGroup;
			children = (
				F0A414C92D66BB7900E8278B /* FreeDrawConfirmationScreen.swift */,
			);
			path = FreeDrawConfirmationScreen;
			sourceTree = "<group>";
		};
		F0D0664A2D66744B000CE843 /* Extensions */ = {
			isa = PBXGroup;
			children = (
				F0D0664B2D66744B000CE843 /* UIColorExtension.swift */,
			);
			path = Extensions;
			sourceTree = "<group>";
		};
		F0D0664D2D668239000CE843 /* FreeDrawScreen */ = {
			isa = PBXGroup;
			children = (
				F0D0664E2D66827F000CE843 /* FreeDrawScreen.swift */,
			);
			path = FreeDrawScreen;
			sourceTree = "<group>";
		};
		F0D066502D66A401000CE843 /* FreeDrawingView */ = {
			isa = PBXGroup;
			children = (
				F0D066512D66A6F9000CE843 /* FreeDrawingView.swift */,
				F0D066532D66A70F000CE843 /* FreeDrawingPixelView.swift */,
			);
			path = FreeDrawingView;
			sourceTree = "<group>";
		};
		F0D430512D652D24004A9ED9 /* Models */ = {
			isa = PBXGroup;
			children = (
				F0D066482D6673D5000CE843 /* PixelPictureData.swift */,
				F0D066462D6673CD000CE843 /* PalleteColor.swift */,
				F0D430522D652D24004A9ED9 /* User.swift */,
			);
			path = Models;
			sourceTree = "<group>";
		};
/* End PBXGroup section */

/* Begin PBXNativeTarget section */
		2A1DB9DB2D62611300095980 /* PixelArt */ = {
			isa = PBXNativeTarget;
			buildConfigurationList = 2A1DB9EA2D62611D00095980 /* Build configuration list for PBXNativeTarget "PixelArt" */;
			buildPhases = (
				2A1DB9D82D62611300095980 /* Sources */,
				2A1DB9D92D62611300095980 /* Frameworks */,
				2A1DB9DA2D62611300095980 /* Resources */,
			);
			buildRules = (
			);
			dependencies = (
			);
			name = PixelArt;
			packageProductDependencies = (
				2A975CD32D637B40007A7B1E /* FirebaseAnalytics */,
				2A975CD52D637B40007A7B1E /* FirebaseAnalyticsOnDeviceConversion */,
				2A975CD72D637B40007A7B1E /* FirebaseAnalyticsWithoutAdIdSupport */,
				2A975CD92D637B40007A7B1E /* FirebaseAppCheck */,
				2A975CDB2D637B40007A7B1E /* FirebaseAppDistribution-Beta */,
				2A975CDD2D637B40007A7B1E /* FirebaseAuth */,
				2A975CDF2D637B40007A7B1E /* FirebaseAuthCombine-Community */,
				2A975CE12D637B40007A7B1E /* FirebaseCore */,
				2A975CE32D637B40007A7B1E /* FirebaseCrashlytics */,
				2A975CE52D637B40007A7B1E /* FirebaseDatabase */,
				2A975CE72D637B40007A7B1E /* FirebaseDynamicLinks */,
				2A975CE92D637B40007A7B1E /* FirebaseFirestore */,
				2A975CEB2D637B40007A7B1E /* FirebaseFirestoreCombine-Community */,
				2A975CED2D637B40007A7B1E /* FirebaseFunctions */,
				2A975CEF2D637B40007A7B1E /* FirebaseFunctionsCombine-Community */,
				2A975CF12D637B40007A7B1E /* FirebaseInAppMessaging-Beta */,
				2A975CF32D637B40007A7B1E /* FirebaseInstallations */,
				2A975CF52D637B40007A7B1E /* FirebaseMLModelDownloader */,
				2A975CF72D637B40007A7B1E /* FirebaseMessaging */,
				2A975CF92D637B40007A7B1E /* FirebasePerformance */,
				2A975CFB2D637B40007A7B1E /* FirebaseRemoteConfig */,
				2A975CFD2D637B40007A7B1E /* FirebaseStorage */,
				2A975CFF2D637B40007A7B1E /* FirebaseStorageCombine-Community */,
				2A975D012D637B40007A7B1E /* FirebaseVertexAI */,
				F04278522D6509EE00AF9C7A /* FirebaseAnalytics */,
				F04278542D6509EE00AF9C7A /* FirebaseAnalyticsOnDeviceConversion */,
				F04278562D6509EE00AF9C7A /* FirebaseAnalyticsWithoutAdIdSupport */,
				F04278582D6509EE00AF9C7A /* FirebaseAppCheck */,
				F042785A2D6509EE00AF9C7A /* FirebaseAppDistribution-Beta */,
				F042785C2D6509EE00AF9C7A /* FirebaseAuth */,
				F042785E2D6509EE00AF9C7A /* FirebaseAuthCombine-Community */,
				F04278602D6509EE00AF9C7A /* FirebaseCore */,
				F04278622D6509EE00AF9C7A /* FirebaseCrashlytics */,
				F04278642D6509EE00AF9C7A /* FirebaseDatabase */,
				F04278662D6509EE00AF9C7A /* FirebaseDynamicLinks */,
				F04278682D6509EE00AF9C7A /* FirebaseFirestore */,
				F042786A2D6509EE00AF9C7A /* FirebaseFirestoreCombine-Community */,
				F042786C2D6509EE00AF9C7A /* FirebaseFunctions */,
				F042786E2D6509EE00AF9C7A /* FirebaseFunctionsCombine-Community */,
				F04278702D6509EE00AF9C7A /* FirebaseInAppMessaging-Beta */,
				F04278722D6509EE00AF9C7A /* FirebaseInstallations */,
				F04278742D6509EE00AF9C7A /* FirebaseMLModelDownloader */,
				F04278762D6509EE00AF9C7A /* FirebaseMessaging */,
				F04278782D6509EE00AF9C7A /* FirebasePerformance */,
				F042787A2D6509EE00AF9C7A /* FirebaseRemoteConfig */,
				F042787C2D6509EE00AF9C7A /* FirebaseStorage */,
			);
			productName = PixelArt;
			productReference = 2A1DB9DC2D62611300095980 /* PixelArt.app */;
			productType = "com.apple.product-type.application";
		};
/* End PBXNativeTarget section */

/* Begin PBXProject section */
		2A1DB9D42D62611300095980 /* Project object */ = {
			isa = PBXProject;
			attributes = {
				BuildIndependentTargetsInParallel = 1;
				LastSwiftUpdateCheck = 1520;
				LastUpgradeCheck = 1520;
				TargetAttributes = {
					2A1DB9DB2D62611300095980 = {
						CreatedOnToolsVersion = 15.2;
					};
				};
			};
			buildConfigurationList = 2A1DB9D72D62611300095980 /* Build configuration list for PBXProject "PixelArt" */;
			compatibilityVersion = "Xcode 14.0";
			developmentRegion = en;
			hasScannedForEncodings = 0;
			knownRegions = (
				en,
				Base,
			);
			mainGroup = 2A1DB9D32D62611300095980;
			packageReferences = (
				2A975CD22D637B40007A7B1E /* XCRemoteSwiftPackageReference "firebase-ios-sdk" */,
			);
			productRefGroup = 2A1DB9DD2D62611300095980 /* Products */;
			projectDirPath = "";
			projectRoot = "";
			targets = (
				2A1DB9DB2D62611300095980 /* PixelArt */,
			);
		};
/* End PBXProject section */

/* Begin PBXResourcesBuildPhase section */
		2A1DB9DA2D62611300095980 /* Resources */ = {
			isa = PBXResourcesBuildPhase;
			buildActionMask = 2147483647;
			files = (
				F035F8892D6516FD00B6C7B3 /* Preview Assets.xcassets in Resources */,
				F035F88B2D65170A00B6C7B3 /* Assets.xcassets in Resources */,
				F04278842D650A9D00AF9C7A /* GoogleService-Info.plist in Resources */,
			);
			runOnlyForDeploymentPostprocessing = 0;
		};
/* End PBXResourcesBuildPhase section */

/* Begin PBXSourcesBuildPhase section */
		2A1DB9D82D62611300095980 /* Sources */ = {
			isa = PBXSourcesBuildPhase;
			buildActionMask = 2147483647;
			files = (
				F0D0664C2D66744B000CE843 /* UIColorExtension.swift in Sources */,
				F0D0664F2D66827F000CE843 /* FreeDrawScreen.swift in Sources */,
				F035F8722D65135800B6C7B3 /* MainUnregisteredScreen.swift in Sources */,
				F035F8792D65140F00B6C7B3 /* LoginView.swift in Sources */,
				F04278852D650A9D00AF9C7A /* PixelArtApp.swift in Sources */,
				F035F8842D6514B500B6C7B3 /* ZoomPanView.swift in Sources */,
				F035F86F2D65130C00B6C7B3 /* MainMenuScreen.swift in Sources */,
				F035F8802D65149B00B6C7B3 /* PixelDrawingView.swift in Sources */,
				F035F87E2D65147F00B6C7B3 /* PaletteView.swift in Sources */,
				F0A414CA2D66BB7900E8278B /* FreeDrawConfirmationScreen.swift in Sources */,
				F0D066472D6673CD000CE843 /* PalleteColor.swift in Sources */,
				F0D066522D66A6F9000CE843 /* FreeDrawingView.swift in Sources */,
				F035F8862D65151E00B6C7B3 /* LoggedUserViewModel.swift in Sources */,
				F0D066492D6673D5000CE843 /* PixelPictureData.swift in Sources */,
				F0D430532D652D24004A9ED9 /* User.swift in Sources */,
				F035F8822D6514A800B6C7B3 /* PixelView.swift in Sources */,
				F035F87B2D65141900B6C7B3 /* SignUpView.swift in Sources */,
				F0D066542D66A70F000CE843 /* FreeDrawingPixelView.swift in Sources */,
				F035F88D2D651B1300B6C7B3 /* PaletteSingleColorView.swift in Sources */,
				F035F8742D65136900B6C7B3 /* PixelPictureScreen.swift in Sources */,
				F04278862D650A9D00AF9C7A /* ContentView.swift in Sources */,
			);
			runOnlyForDeploymentPostprocessing = 0;
		};
/* End PBXSourcesBuildPhase section */

/* Begin XCBuildConfiguration section */
		2A1DB9E82D62611D00095980 /* Debug */ = {
			isa = XCBuildConfiguration;
			buildSettings = {
				ALWAYS_SEARCH_USER_PATHS = NO;
				ASSETCATALOG_COMPILER_GENERATE_SWIFT_ASSET_SYMBOL_EXTENSIONS = YES;
				CLANG_ANALYZER_NONNULL = YES;
				CLANG_ANALYZER_NUMBER_OBJECT_CONVERSION = YES_AGGRESSIVE;
				CLANG_CXX_LANGUAGE_STANDARD = "gnu++20";
				CLANG_ENABLE_MODULES = YES;
				CLANG_ENABLE_OBJC_ARC = YES;
				CLANG_ENABLE_OBJC_WEAK = YES;
				CLANG_WARN_BLOCK_CAPTURE_AUTORELEASING = YES;
				CLANG_WARN_BOOL_CONVERSION = YES;
				CLANG_WARN_COMMA = YES;
				CLANG_WARN_CONSTANT_CONVERSION = YES;
				CLANG_WARN_DEPRECATED_OBJC_IMPLEMENTATIONS = YES;
				CLANG_WARN_DIRECT_OBJC_ISA_USAGE = YES_ERROR;
				CLANG_WARN_DOCUMENTATION_COMMENTS = YES;
				CLANG_WARN_EMPTY_BODY = YES;
				CLANG_WARN_ENUM_CONVERSION = YES;
				CLANG_WARN_INFINITE_RECURSION = YES;
				CLANG_WARN_INT_CONVERSION = YES;
				CLANG_WARN_NON_LITERAL_NULL_CONVERSION = YES;
				CLANG_WARN_OBJC_IMPLICIT_RETAIN_SELF = YES;
				CLANG_WARN_OBJC_LITERAL_CONVERSION = YES;
				CLANG_WARN_OBJC_ROOT_CLASS = YES_ERROR;
				CLANG_WARN_QUOTED_INCLUDE_IN_FRAMEWORK_HEADER = YES;
				CLANG_WARN_RANGE_LOOP_ANALYSIS = YES;
				CLANG_WARN_STRICT_PROTOTYPES = YES;
				CLANG_WARN_SUSPICIOUS_MOVE = YES;
				CLANG_WARN_UNGUARDED_AVAILABILITY = YES_AGGRESSIVE;
				CLANG_WARN_UNREACHABLE_CODE = YES;
				CLANG_WARN__DUPLICATE_METHOD_MATCH = YES;
				COPY_PHASE_STRIP = NO;
				DEBUG_INFORMATION_FORMAT = dwarf;
				ENABLE_STRICT_OBJC_MSGSEND = YES;
				ENABLE_TESTABILITY = YES;
				ENABLE_USER_SCRIPT_SANDBOXING = YES;
				GCC_C_LANGUAGE_STANDARD = gnu17;
				GCC_DYNAMIC_NO_PIC = NO;
				GCC_NO_COMMON_BLOCKS = YES;
				GCC_OPTIMIZATION_LEVEL = 0;
				GCC_PREPROCESSOR_DEFINITIONS = (
					"DEBUG=1",
					"$(inherited)",
				);
				GCC_WARN_64_TO_32_BIT_CONVERSION = YES;
				GCC_WARN_ABOUT_RETURN_TYPE = YES_ERROR;
				GCC_WARN_UNDECLARED_SELECTOR = YES;
				GCC_WARN_UNINITIALIZED_AUTOS = YES_AGGRESSIVE;
				GCC_WARN_UNUSED_FUNCTION = YES;
				GCC_WARN_UNUSED_VARIABLE = YES;
				IPHONEOS_DEPLOYMENT_TARGET = 17.2;
				LOCALIZATION_PREFERS_STRING_CATALOGS = YES;
				MTL_ENABLE_DEBUG_INFO = INCLUDE_SOURCE;
				MTL_FAST_MATH = YES;
				ONLY_ACTIVE_ARCH = YES;
				SDKROOT = iphoneos;
				SWIFT_ACTIVE_COMPILATION_CONDITIONS = "DEBUG $(inherited)";
				SWIFT_OPTIMIZATION_LEVEL = "-Onone";
			};
			name = Debug;
		};
		2A1DB9E92D62611D00095980 /* Release */ = {
			isa = XCBuildConfiguration;
			buildSettings = {
				ALWAYS_SEARCH_USER_PATHS = NO;
				ASSETCATALOG_COMPILER_GENERATE_SWIFT_ASSET_SYMBOL_EXTENSIONS = YES;
				CLANG_ANALYZER_NONNULL = YES;
				CLANG_ANALYZER_NUMBER_OBJECT_CONVERSION = YES_AGGRESSIVE;
				CLANG_CXX_LANGUAGE_STANDARD = "gnu++20";
				CLANG_ENABLE_MODULES = YES;
				CLANG_ENABLE_OBJC_ARC = YES;
				CLANG_ENABLE_OBJC_WEAK = YES;
				CLANG_WARN_BLOCK_CAPTURE_AUTORELEASING = YES;
				CLANG_WARN_BOOL_CONVERSION = YES;
				CLANG_WARN_COMMA = YES;
				CLANG_WARN_CONSTANT_CONVERSION = YES;
				CLANG_WARN_DEPRECATED_OBJC_IMPLEMENTATIONS = YES;
				CLANG_WARN_DIRECT_OBJC_ISA_USAGE = YES_ERROR;
				CLANG_WARN_DOCUMENTATION_COMMENTS = YES;
				CLANG_WARN_EMPTY_BODY = YES;
				CLANG_WARN_ENUM_CONVERSION = YES;
				CLANG_WARN_INFINITE_RECURSION = YES;
				CLANG_WARN_INT_CONVERSION = YES;
				CLANG_WARN_NON_LITERAL_NULL_CONVERSION = YES;
				CLANG_WARN_OBJC_IMPLICIT_RETAIN_SELF = YES;
				CLANG_WARN_OBJC_LITERAL_CONVERSION = YES;
				CLANG_WARN_OBJC_ROOT_CLASS = YES_ERROR;
				CLANG_WARN_QUOTED_INCLUDE_IN_FRAMEWORK_HEADER = YES;
				CLANG_WARN_RANGE_LOOP_ANALYSIS = YES;
				CLANG_WARN_STRICT_PROTOTYPES = YES;
				CLANG_WARN_SUSPICIOUS_MOVE = YES;
				CLANG_WARN_UNGUARDED_AVAILABILITY = YES_AGGRESSIVE;
				CLANG_WARN_UNREACHABLE_CODE = YES;
				CLANG_WARN__DUPLICATE_METHOD_MATCH = YES;
				COPY_PHASE_STRIP = NO;
				DEBUG_INFORMATION_FORMAT = "dwarf-with-dsym";
				ENABLE_NS_ASSERTIONS = NO;
				ENABLE_STRICT_OBJC_MSGSEND = YES;
				ENABLE_USER_SCRIPT_SANDBOXING = YES;
				GCC_C_LANGUAGE_STANDARD = gnu17;
				GCC_NO_COMMON_BLOCKS = YES;
				GCC_WARN_64_TO_32_BIT_CONVERSION = YES;
				GCC_WARN_ABOUT_RETURN_TYPE = YES_ERROR;
				GCC_WARN_UNDECLARED_SELECTOR = YES;
				GCC_WARN_UNINITIALIZED_AUTOS = YES_AGGRESSIVE;
				GCC_WARN_UNUSED_FUNCTION = YES;
				GCC_WARN_UNUSED_VARIABLE = YES;
				IPHONEOS_DEPLOYMENT_TARGET = 17.2;
				LOCALIZATION_PREFERS_STRING_CATALOGS = YES;
				MTL_ENABLE_DEBUG_INFO = NO;
				MTL_FAST_MATH = YES;
				SDKROOT = iphoneos;
				SWIFT_COMPILATION_MODE = wholemodule;
				VALIDATE_PRODUCT = YES;
			};
			name = Release;
		};
		2A1DB9EB2D62611D00095980 /* Debug */ = {
			isa = XCBuildConfiguration;
			buildSettings = {
				ASSETCATALOG_COMPILER_APPICON_NAME = AppIcon;
				ASSETCATALOG_COMPILER_GLOBAL_ACCENT_COLOR_NAME = AccentColor;
				CODE_SIGN_STYLE = Automatic;
				CURRENT_PROJECT_VERSION = 1;
				DEVELOPMENT_ASSET_PATHS = "\"PixelArt/Preview Content\"";
				DEVELOPMENT_TEAM = 4T63XSEC5K;
				ENABLE_PREVIEWS = YES;
				GENERATE_INFOPLIST_FILE = YES;
				INFOPLIST_KEY_UIApplicationSceneManifest_Generation = YES;
				INFOPLIST_KEY_UIApplicationSupportsIndirectInputEvents = YES;
				INFOPLIST_KEY_UILaunchScreen_Generation = YES;
				INFOPLIST_KEY_UISupportedInterfaceOrientations_iPad = "UIInterfaceOrientationPortrait UIInterfaceOrientationPortraitUpsideDown UIInterfaceOrientationLandscapeLeft UIInterfaceOrientationLandscapeRight";
				INFOPLIST_KEY_UISupportedInterfaceOrientations_iPhone = "UIInterfaceOrientationPortrait UIInterfaceOrientationLandscapeLeft UIInterfaceOrientationLandscapeRight";
				LD_RUNPATH_SEARCH_PATHS = (
					"$(inherited)",
					"@executable_path/Frameworks",
				);
				MARKETING_VERSION = 1.0;
				PRODUCT_BUNDLE_IDENTIFIER = pixel.art.PixelArt;
				PRODUCT_NAME = "$(TARGET_NAME)";
				SWIFT_EMIT_LOC_STRINGS = YES;
				SWIFT_VERSION = 5.0;
				TARGETED_DEVICE_FAMILY = "1,2";
			};
			name = Debug;
		};
		2A1DB9EC2D62611D00095980 /* Release */ = {
			isa = XCBuildConfiguration;
			buildSettings = {
				ASSETCATALOG_COMPILER_APPICON_NAME = AppIcon;
				ASSETCATALOG_COMPILER_GLOBAL_ACCENT_COLOR_NAME = AccentColor;
				CODE_SIGN_STYLE = Automatic;
				CURRENT_PROJECT_VERSION = 1;
				DEVELOPMENT_ASSET_PATHS = "\"PixelArt/Preview Content\"";
				DEVELOPMENT_TEAM = 4T63XSEC5K;
				ENABLE_PREVIEWS = YES;
				GENERATE_INFOPLIST_FILE = YES;
				INFOPLIST_KEY_UIApplicationSceneManifest_Generation = YES;
				INFOPLIST_KEY_UIApplicationSupportsIndirectInputEvents = YES;
				INFOPLIST_KEY_UILaunchScreen_Generation = YES;
				INFOPLIST_KEY_UISupportedInterfaceOrientations_iPad = "UIInterfaceOrientationPortrait UIInterfaceOrientationPortraitUpsideDown UIInterfaceOrientationLandscapeLeft UIInterfaceOrientationLandscapeRight";
				INFOPLIST_KEY_UISupportedInterfaceOrientations_iPhone = "UIInterfaceOrientationPortrait UIInterfaceOrientationLandscapeLeft UIInterfaceOrientationLandscapeRight";
				LD_RUNPATH_SEARCH_PATHS = (
					"$(inherited)",
					"@executable_path/Frameworks",
				);
				MARKETING_VERSION = 1.0;
				PRODUCT_BUNDLE_IDENTIFIER = pixel.art.PixelArt;
				PRODUCT_NAME = "$(TARGET_NAME)";
				SWIFT_EMIT_LOC_STRINGS = YES;
				SWIFT_VERSION = 5.0;
				TARGETED_DEVICE_FAMILY = "1,2";
			};
			name = Release;
		};
/* End XCBuildConfiguration section */

/* Begin XCConfigurationList section */
		2A1DB9D72D62611300095980 /* Build configuration list for PBXProject "PixelArt" */ = {
			isa = XCConfigurationList;
			buildConfigurations = (
				2A1DB9E82D62611D00095980 /* Debug */,
				2A1DB9E92D62611D00095980 /* Release */,
			);
			defaultConfigurationIsVisible = 0;
			defaultConfigurationName = Release;
		};
		2A1DB9EA2D62611D00095980 /* Build configuration list for PBXNativeTarget "PixelArt" */ = {
			isa = XCConfigurationList;
			buildConfigurations = (
				2A1DB9EB2D62611D00095980 /* Debug */,
				2A1DB9EC2D62611D00095980 /* Release */,
			);
			defaultConfigurationIsVisible = 0;
			defaultConfigurationName = Release;
		};
/* End XCConfigurationList section */

/* Begin XCRemoteSwiftPackageReference section */
		2A975CD22D637B40007A7B1E /* XCRemoteSwiftPackageReference "firebase-ios-sdk" */ = {
			isa = XCRemoteSwiftPackageReference;
			repositoryURL = "https://github.com/firebase/firebase-ios-sdk";
			requirement = {
				kind = upToNextMajorVersion;
				minimumVersion = 11.8.1;
			};
		};
/* End XCRemoteSwiftPackageReference section */

/* Begin XCSwiftPackageProductDependency section */
		2A975CD32D637B40007A7B1E /* FirebaseAnalytics */ = {
			isa = XCSwiftPackageProductDependency;
			package = 2A975CD22D637B40007A7B1E /* XCRemoteSwiftPackageReference "firebase-ios-sdk" */;
			productName = FirebaseAnalytics;
		};
		2A975CD52D637B40007A7B1E /* FirebaseAnalyticsOnDeviceConversion */ = {
			isa = XCSwiftPackageProductDependency;
			package = 2A975CD22D637B40007A7B1E /* XCRemoteSwiftPackageReference "firebase-ios-sdk" */;
			productName = FirebaseAnalyticsOnDeviceConversion;
		};
		2A975CD72D637B40007A7B1E /* FirebaseAnalyticsWithoutAdIdSupport */ = {
			isa = XCSwiftPackageProductDependency;
			package = 2A975CD22D637B40007A7B1E /* XCRemoteSwiftPackageReference "firebase-ios-sdk" */;
			productName = FirebaseAnalyticsWithoutAdIdSupport;
		};
		2A975CD92D637B40007A7B1E /* FirebaseAppCheck */ = {
			isa = XCSwiftPackageProductDependency;
			package = 2A975CD22D637B40007A7B1E /* XCRemoteSwiftPackageReference "firebase-ios-sdk" */;
			productName = FirebaseAppCheck;
		};
		2A975CDB2D637B40007A7B1E /* FirebaseAppDistribution-Beta */ = {
			isa = XCSwiftPackageProductDependency;
			package = 2A975CD22D637B40007A7B1E /* XCRemoteSwiftPackageReference "firebase-ios-sdk" */;
			productName = "FirebaseAppDistribution-Beta";
		};
		2A975CDD2D637B40007A7B1E /* FirebaseAuth */ = {
			isa = XCSwiftPackageProductDependency;
			package = 2A975CD22D637B40007A7B1E /* XCRemoteSwiftPackageReference "firebase-ios-sdk" */;
			productName = FirebaseAuth;
		};
		2A975CDF2D637B40007A7B1E /* FirebaseAuthCombine-Community */ = {
			isa = XCSwiftPackageProductDependency;
			package = 2A975CD22D637B40007A7B1E /* XCRemoteSwiftPackageReference "firebase-ios-sdk" */;
			productName = "FirebaseAuthCombine-Community";
		};
		2A975CE12D637B40007A7B1E /* FirebaseCore */ = {
			isa = XCSwiftPackageProductDependency;
			package = 2A975CD22D637B40007A7B1E /* XCRemoteSwiftPackageReference "firebase-ios-sdk" */;
			productName = FirebaseCore;
		};
		2A975CE32D637B40007A7B1E /* FirebaseCrashlytics */ = {
			isa = XCSwiftPackageProductDependency;
			package = 2A975CD22D637B40007A7B1E /* XCRemoteSwiftPackageReference "firebase-ios-sdk" */;
			productName = FirebaseCrashlytics;
		};
		2A975CE52D637B40007A7B1E /* FirebaseDatabase */ = {
			isa = XCSwiftPackageProductDependency;
			package = 2A975CD22D637B40007A7B1E /* XCRemoteSwiftPackageReference "firebase-ios-sdk" */;
			productName = FirebaseDatabase;
		};
		2A975CE72D637B40007A7B1E /* FirebaseDynamicLinks */ = {
			isa = XCSwiftPackageProductDependency;
			package = 2A975CD22D637B40007A7B1E /* XCRemoteSwiftPackageReference "firebase-ios-sdk" */;
			productName = FirebaseDynamicLinks;
		};
		2A975CE92D637B40007A7B1E /* FirebaseFirestore */ = {
			isa = XCSwiftPackageProductDependency;
			package = 2A975CD22D637B40007A7B1E /* XCRemoteSwiftPackageReference "firebase-ios-sdk" */;
			productName = FirebaseFirestore;
		};
		2A975CEB2D637B40007A7B1E /* FirebaseFirestoreCombine-Community */ = {
			isa = XCSwiftPackageProductDependency;
			package = 2A975CD22D637B40007A7B1E /* XCRemoteSwiftPackageReference "firebase-ios-sdk" */;
			productName = "FirebaseFirestoreCombine-Community";
		};
		2A975CED2D637B40007A7B1E /* FirebaseFunctions */ = {
			isa = XCSwiftPackageProductDependency;
			package = 2A975CD22D637B40007A7B1E /* XCRemoteSwiftPackageReference "firebase-ios-sdk" */;
			productName = FirebaseFunctions;
		};
		2A975CEF2D637B40007A7B1E /* FirebaseFunctionsCombine-Community */ = {
			isa = XCSwiftPackageProductDependency;
			package = 2A975CD22D637B40007A7B1E /* XCRemoteSwiftPackageReference "firebase-ios-sdk" */;
			productName = "FirebaseFunctionsCombine-Community";
		};
		2A975CF12D637B40007A7B1E /* FirebaseInAppMessaging-Beta */ = {
			isa = XCSwiftPackageProductDependency;
			package = 2A975CD22D637B40007A7B1E /* XCRemoteSwiftPackageReference "firebase-ios-sdk" */;
			productName = "FirebaseInAppMessaging-Beta";
		};
		2A975CF32D637B40007A7B1E /* FirebaseInstallations */ = {
			isa = XCSwiftPackageProductDependency;
			package = 2A975CD22D637B40007A7B1E /* XCRemoteSwiftPackageReference "firebase-ios-sdk" */;
			productName = FirebaseInstallations;
		};
		2A975CF52D637B40007A7B1E /* FirebaseMLModelDownloader */ = {
			isa = XCSwiftPackageProductDependency;
			package = 2A975CD22D637B40007A7B1E /* XCRemoteSwiftPackageReference "firebase-ios-sdk" */;
			productName = FirebaseMLModelDownloader;
		};
		2A975CF72D637B40007A7B1E /* FirebaseMessaging */ = {
			isa = XCSwiftPackageProductDependency;
			package = 2A975CD22D637B40007A7B1E /* XCRemoteSwiftPackageReference "firebase-ios-sdk" */;
			productName = FirebaseMessaging;
		};
		2A975CF92D637B40007A7B1E /* FirebasePerformance */ = {
			isa = XCSwiftPackageProductDependency;
			package = 2A975CD22D637B40007A7B1E /* XCRemoteSwiftPackageReference "firebase-ios-sdk" */;
			productName = FirebasePerformance;
		};
		2A975CFB2D637B40007A7B1E /* FirebaseRemoteConfig */ = {
			isa = XCSwiftPackageProductDependency;
			package = 2A975CD22D637B40007A7B1E /* XCRemoteSwiftPackageReference "firebase-ios-sdk" */;
			productName = FirebaseRemoteConfig;
		};
		2A975CFD2D637B40007A7B1E /* FirebaseStorage */ = {
			isa = XCSwiftPackageProductDependency;
			package = 2A975CD22D637B40007A7B1E /* XCRemoteSwiftPackageReference "firebase-ios-sdk" */;
			productName = FirebaseStorage;
		};
		2A975CFF2D637B40007A7B1E /* FirebaseStorageCombine-Community */ = {
			isa = XCSwiftPackageProductDependency;
			package = 2A975CD22D637B40007A7B1E /* XCRemoteSwiftPackageReference "firebase-ios-sdk" */;
			productName = "FirebaseStorageCombine-Community";
		};
		2A975D012D637B40007A7B1E /* FirebaseVertexAI */ = {
			isa = XCSwiftPackageProductDependency;
			package = 2A975CD22D637B40007A7B1E /* XCRemoteSwiftPackageReference "firebase-ios-sdk" */;
			productName = FirebaseVertexAI;
		};
		F04278522D6509EE00AF9C7A /* FirebaseAnalytics */ = {
			isa = XCSwiftPackageProductDependency;
			package = 2A975CD22D637B40007A7B1E /* XCRemoteSwiftPackageReference "firebase-ios-sdk" */;
			productName = FirebaseAnalytics;
		};
		F04278542D6509EE00AF9C7A /* FirebaseAnalyticsOnDeviceConversion */ = {
			isa = XCSwiftPackageProductDependency;
			package = 2A975CD22D637B40007A7B1E /* XCRemoteSwiftPackageReference "firebase-ios-sdk" */;
			productName = FirebaseAnalyticsOnDeviceConversion;
		};
		F04278562D6509EE00AF9C7A /* FirebaseAnalyticsWithoutAdIdSupport */ = {
			isa = XCSwiftPackageProductDependency;
			package = 2A975CD22D637B40007A7B1E /* XCRemoteSwiftPackageReference "firebase-ios-sdk" */;
			productName = FirebaseAnalyticsWithoutAdIdSupport;
		};
		F04278582D6509EE00AF9C7A /* FirebaseAppCheck */ = {
			isa = XCSwiftPackageProductDependency;
			package = 2A975CD22D637B40007A7B1E /* XCRemoteSwiftPackageReference "firebase-ios-sdk" */;
			productName = FirebaseAppCheck;
		};
		F042785A2D6509EE00AF9C7A /* FirebaseAppDistribution-Beta */ = {
			isa = XCSwiftPackageProductDependency;
			package = 2A975CD22D637B40007A7B1E /* XCRemoteSwiftPackageReference "firebase-ios-sdk" */;
			productName = "FirebaseAppDistribution-Beta";
		};
		F042785C2D6509EE00AF9C7A /* FirebaseAuth */ = {
			isa = XCSwiftPackageProductDependency;
			package = 2A975CD22D637B40007A7B1E /* XCRemoteSwiftPackageReference "firebase-ios-sdk" */;
			productName = FirebaseAuth;
		};
		F042785E2D6509EE00AF9C7A /* FirebaseAuthCombine-Community */ = {
			isa = XCSwiftPackageProductDependency;
			package = 2A975CD22D637B40007A7B1E /* XCRemoteSwiftPackageReference "firebase-ios-sdk" */;
			productName = "FirebaseAuthCombine-Community";
		};
		F04278602D6509EE00AF9C7A /* FirebaseCore */ = {
			isa = XCSwiftPackageProductDependency;
			package = 2A975CD22D637B40007A7B1E /* XCRemoteSwiftPackageReference "firebase-ios-sdk" */;
			productName = FirebaseCore;
		};
		F04278622D6509EE00AF9C7A /* FirebaseCrashlytics */ = {
			isa = XCSwiftPackageProductDependency;
			package = 2A975CD22D637B40007A7B1E /* XCRemoteSwiftPackageReference "firebase-ios-sdk" */;
			productName = FirebaseCrashlytics;
		};
		F04278642D6509EE00AF9C7A /* FirebaseDatabase */ = {
			isa = XCSwiftPackageProductDependency;
			package = 2A975CD22D637B40007A7B1E /* XCRemoteSwiftPackageReference "firebase-ios-sdk" */;
			productName = FirebaseDatabase;
		};
		F04278662D6509EE00AF9C7A /* FirebaseDynamicLinks */ = {
			isa = XCSwiftPackageProductDependency;
			package = 2A975CD22D637B40007A7B1E /* XCRemoteSwiftPackageReference "firebase-ios-sdk" */;
			productName = FirebaseDynamicLinks;
		};
		F04278682D6509EE00AF9C7A /* FirebaseFirestore */ = {
			isa = XCSwiftPackageProductDependency;
			package = 2A975CD22D637B40007A7B1E /* XCRemoteSwiftPackageReference "firebase-ios-sdk" */;
			productName = FirebaseFirestore;
		};
		F042786A2D6509EE00AF9C7A /* FirebaseFirestoreCombine-Community */ = {
			isa = XCSwiftPackageProductDependency;
			package = 2A975CD22D637B40007A7B1E /* XCRemoteSwiftPackageReference "firebase-ios-sdk" */;
			productName = "FirebaseFirestoreCombine-Community";
		};
		F042786C2D6509EE00AF9C7A /* FirebaseFunctions */ = {
			isa = XCSwiftPackageProductDependency;
			package = 2A975CD22D637B40007A7B1E /* XCRemoteSwiftPackageReference "firebase-ios-sdk" */;
			productName = FirebaseFunctions;
		};
		F042786E2D6509EE00AF9C7A /* FirebaseFunctionsCombine-Community */ = {
			isa = XCSwiftPackageProductDependency;
			package = 2A975CD22D637B40007A7B1E /* XCRemoteSwiftPackageReference "firebase-ios-sdk" */;
			productName = "FirebaseFunctionsCombine-Community";
		};
		F04278702D6509EE00AF9C7A /* FirebaseInAppMessaging-Beta */ = {
			isa = XCSwiftPackageProductDependency;
			package = 2A975CD22D637B40007A7B1E /* XCRemoteSwiftPackageReference "firebase-ios-sdk" */;
			productName = "FirebaseInAppMessaging-Beta";
		};
		F04278722D6509EE00AF9C7A /* FirebaseInstallations */ = {
			isa = XCSwiftPackageProductDependency;
			package = 2A975CD22D637B40007A7B1E /* XCRemoteSwiftPackageReference "firebase-ios-sdk" */;
			productName = FirebaseInstallations;
		};
		F04278742D6509EE00AF9C7A /* FirebaseMLModelDownloader */ = {
			isa = XCSwiftPackageProductDependency;
			package = 2A975CD22D637B40007A7B1E /* XCRemoteSwiftPackageReference "firebase-ios-sdk" */;
			productName = FirebaseMLModelDownloader;
		};
		F04278762D6509EE00AF9C7A /* FirebaseMessaging */ = {
			isa = XCSwiftPackageProductDependency;
			package = 2A975CD22D637B40007A7B1E /* XCRemoteSwiftPackageReference "firebase-ios-sdk" */;
			productName = FirebaseMessaging;
		};
		F04278782D6509EE00AF9C7A /* FirebasePerformance */ = {
			isa = XCSwiftPackageProductDependency;
			package = 2A975CD22D637B40007A7B1E /* XCRemoteSwiftPackageReference "firebase-ios-sdk" */;
			productName = FirebasePerformance;
		};
		F042787A2D6509EE00AF9C7A /* FirebaseRemoteConfig */ = {
			isa = XCSwiftPackageProductDependency;
			package = 2A975CD22D637B40007A7B1E /* XCRemoteSwiftPackageReference "firebase-ios-sdk" */;
			productName = FirebaseRemoteConfig;
		};
		F042787C2D6509EE00AF9C7A /* FirebaseStorage */ = {
			isa = XCSwiftPackageProductDependency;
			package = 2A975CD22D637B40007A7B1E /* XCRemoteSwiftPackageReference "firebase-ios-sdk" */;
			productName = FirebaseStorage;
		};
/* End XCSwiftPackageProductDependency section */
	};
	rootObject = 2A1DB9D42D62611300095980 /* Project object */;
}
